// !$*UTF8*$!
{
	archiveVersion = 1;
	classes = {
	};
	objectVersion = 50;
	objects = {

/* Begin PBXBuildFile section */
		659EBE8923785914005F15C6 /* AppDelegate.swift in Sources */ = {isa = PBXBuildFile; fileRef = 659EBE8823785914005F15C6 /* AppDelegate.swift */; };
		659EBE8B23785914005F15C6 /* SceneDelegate.swift in Sources */ = {isa = PBXBuildFile; fileRef = 659EBE8A23785914005F15C6 /* SceneDelegate.swift */; };
		659EBE8D23785914005F15C6 /* ContentView.swift in Sources */ = {isa = PBXBuildFile; fileRef = 659EBE8C23785914005F15C6 /* ContentView.swift */; };
		659EBE8F23785916005F15C6 /* Assets.xcassets in Resources */ = {isa = PBXBuildFile; fileRef = 659EBE8E23785916005F15C6 /* Assets.xcassets */; };
		659EBE9223785916005F15C6 /* Preview Assets.xcassets in Resources */ = {isa = PBXBuildFile; fileRef = 659EBE9123785916005F15C6 /* Preview Assets.xcassets */; };
		659EBE9523785916005F15C6 /* LaunchScreen.storyboard in Resources */ = {isa = PBXBuildFile; fileRef = 659EBE9323785916005F15C6 /* LaunchScreen.storyboard */; };
		659EBEA023785916005F15C6 /* EventsTests.swift in Sources */ = {isa = PBXBuildFile; fileRef = 659EBE9F23785916005F15C6 /* EventsTests.swift */; };
		659EBEAB23785916005F15C6 /* EventsUITests.swift in Sources */ = {isa = PBXBuildFile; fileRef = 659EBEAA23785916005F15C6 /* EventsUITests.swift */; };
/* End PBXBuildFile section */

/* Begin PBXContainerItemProxy section */
		659EBE9C23785916005F15C6 /* PBXContainerItemProxy */ = {
			isa = PBXContainerItemProxy;
			containerPortal = 659EBE7D23785914005F15C6 /* Project object */;
			proxyType = 1;
			remoteGlobalIDString = 659EBE8423785914005F15C6;
			remoteInfo = Events;
		};
		659EBEA723785916005F15C6 /* PBXContainerItemProxy */ = {
			isa = PBXContainerItemProxy;
			containerPortal = 659EBE7D23785914005F15C6 /* Project object */;
			proxyType = 1;
			remoteGlobalIDString = 659EBE8423785914005F15C6;
			remoteInfo = Events;
		};
/* End PBXContainerItemProxy section */

/* Begin PBXFileReference section */
		659EBE8523785914005F15C6 /* Events.app */ = {isa = PBXFileReference; explicitFileType = wrapper.application; includeInIndex = 0; path = Events.app; sourceTree = BUILT_PRODUCTS_DIR; };
		659EBE8823785914005F15C6 /* AppDelegate.swift */ = {isa = PBXFileReference; lastKnownFileType = sourcecode.swift; path = AppDelegate.swift; sourceTree = "<group>"; };
		659EBE8A23785914005F15C6 /* SceneDelegate.swift */ = {isa = PBXFileReference; lastKnownFileType = sourcecode.swift; path = SceneDelegate.swift; sourceTree = "<group>"; };
		659EBE8C23785914005F15C6 /* ContentView.swift */ = {isa = PBXFileReference; lastKnownFileType = sourcecode.swift; path = ContentView.swift; sourceTree = "<group>"; };
		659EBE8E23785916005F15C6 /* Assets.xcassets */ = {isa = PBXFileReference; lastKnownFileType = folder.assetcatalog; path = Assets.xcassets; sourceTree = "<group>"; };
		659EBE9123785916005F15C6 /* Preview Assets.xcassets */ = {isa = PBXFileReference; lastKnownFileType = folder.assetcatalog; path = "Preview Assets.xcassets"; sourceTree = "<group>"; };
		659EBE9423785916005F15C6 /* Base */ = {isa = PBXFileReference; lastKnownFileType = file.storyboard; name = Base; path = Base.lproj/LaunchScreen.storyboard; sourceTree = "<group>"; };
		659EBE9623785916005F15C6 /* Info.plist */ = {isa = PBXFileReference; lastKnownFileType = text.plist.xml; path = Info.plist; sourceTree = "<group>"; };
		659EBE9B23785916005F15C6 /* EventsTests.xctest */ = {isa = PBXFileReference; explicitFileType = wrapper.cfbundle; includeInIndex = 0; path = EventsTests.xctest; sourceTree = BUILT_PRODUCTS_DIR; };
		659EBE9F23785916005F15C6 /* EventsTests.swift */ = {isa = PBXFileReference; lastKnownFileType = sourcecode.swift; path = EventsTests.swift; sourceTree = "<group>"; };
		659EBEA123785916005F15C6 /* Info.plist */ = {isa = PBXFileReference; lastKnownFileType = text.plist.xml; path = Info.plist; sourceTree = "<group>"; };
		659EBEA623785916005F15C6 /* EventsUITests.xctest */ = {isa = PBXFileReference; explicitFileType = wrapper.cfbundle; includeInIndex = 0; path = EventsUITests.xctest; sourceTree = BUILT_PRODUCTS_DIR; };
		659EBEAA23785916005F15C6 /* EventsUITests.swift */ = {isa = PBXFileReference; lastKnownFileType = sourcecode.swift; path = EventsUITests.swift; sourceTree = "<group>"; };
		659EBEAC23785916005F15C6 /* Info.plist */ = {isa = PBXFileReference; lastKnownFileType = text.plist.xml; path = Info.plist; sourceTree = "<group>"; };
/* End PBXFileReference section */

/* Begin PBXFrameworksBuildPhase section */
		659EBE8223785914005F15C6 /* Frameworks */ = {
			isa = PBXFrameworksBuildPhase;
			buildActionMask = 2147483647;
			files = (
			);
			runOnlyForDeploymentPostprocessing = 0;
		};
		659EBE9823785916005F15C6 /* Frameworks */ = {
			isa = PBXFrameworksBuildPhase;
			buildActionMask = 2147483647;
			files = (
			);
			runOnlyForDeploymentPostprocessing = 0;
		};
		659EBEA323785916005F15C6 /* Frameworks */ = {
			isa = PBXFrameworksBuildPhase;
			buildActionMask = 2147483647;
			files = (
			);
			runOnlyForDeploymentPostprocessing = 0;
		};
/* End PBXFrameworksBuildPhase section */

/* Begin PBXGroup section */
		659EBE7C23785914005F15C6 = {
			isa = PBXGroup;
			children = (
				659EBE8723785914005F15C6 /* Events */,
				659EBE9E23785916005F15C6 /* EventsTests */,
				659EBEA923785916005F15C6 /* EventsUITests */,
				659EBE8623785914005F15C6 /* Products */,
			);
			sourceTree = "<group>";
		};
		659EBE8623785914005F15C6 /* Products */ = {
			isa = PBXGroup;
			children = (
				659EBE8523785914005F15C6 /* Events.app */,
				659EBE9B23785916005F15C6 /* EventsTests.xctest */,
				659EBEA623785916005F15C6 /* EventsUITests.xctest */,
			);
			name = Products;
			sourceTree = "<group>";
		};
		659EBE8723785914005F15C6 /* Events */ = {
			isa = PBXGroup;
			children = (
				659EBE8823785914005F15C6 /* AppDelegate.swift */,
				659EBE8A23785914005F15C6 /* SceneDelegate.swift */,
				659EBE8C23785914005F15C6 /* ContentView.swift */,
				659EBE8E23785916005F15C6 /* Assets.xcassets */,
				659EBE9323785916005F15C6 /* LaunchScreen.storyboard */,
				659EBE9623785916005F15C6 /* Info.plist */,
				659EBE9023785916005F15C6 /* Preview Content */,
			);
			path = Events;
			sourceTree = "<group>";
		};
		659EBE9023785916005F15C6 /* Preview Content */ = {
			isa = PBXGroup;
			children = (
				659EBE9123785916005F15C6 /* Preview Assets.xcassets */,
			);
			path = "Preview Content";
			sourceTree = "<group>";
		};
		659EBE9E23785916005F15C6 /* EventsTests */ = {
			isa = PBXGroup;
			children = (
				659EBE9F23785916005F15C6 /* EventsTests.swift */,
				659EBEA123785916005F15C6 /* Info.plist */,
			);
			path = EventsTests;
			sourceTree = "<group>";
		};
		659EBEA923785916005F15C6 /* EventsUITests */ = {
			isa = PBXGroup;
			children = (
				659EBEAA23785916005F15C6 /* EventsUITests.swift */,
				659EBEAC23785916005F15C6 /* Info.plist */,
			);
			path = EventsUITests;
			sourceTree = "<group>";
		};
/* End PBXGroup section */

/* Begin PBXNativeTarget section */
		659EBE8423785914005F15C6 /* Events */ = {
			isa = PBXNativeTarget;
			buildConfigurationList = 659EBEAF23785916005F15C6 /* Build configuration list for PBXNativeTarget "Events" */;
			buildPhases = (
				659EBE8123785914005F15C6 /* Sources */,
				659EBE8223785914005F15C6 /* Frameworks */,
				659EBE8323785914005F15C6 /* Resources */,
			);
			buildRules = (
			);
			dependencies = (
			);
			name = Events;
			productName = Events;
			productReference = 659EBE8523785914005F15C6 /* Events.app */;
			productType = "com.apple.product-type.application";
		};
		659EBE9A23785916005F15C6 /* EventsTests */ = {
			isa = PBXNativeTarget;
			buildConfigurationList = 659EBEB223785916005F15C6 /* Build configuration list for PBXNativeTarget "EventsTests" */;
			buildPhases = (
				659EBE9723785916005F15C6 /* Sources */,
				659EBE9823785916005F15C6 /* Frameworks */,
				659EBE9923785916005F15C6 /* Resources */,
			);
			buildRules = (
			);
			dependencies = (
				659EBE9D23785916005F15C6 /* PBXTargetDependency */,
			);
			name = EventsTests;
			productName = EventsTests;
			productReference = 659EBE9B23785916005F15C6 /* EventsTests.xctest */;
			productType = "com.apple.product-type.bundle.unit-test";
		};
		659EBEA523785916005F15C6 /* EventsUITests */ = {
			isa = PBXNativeTarget;
			buildConfigurationList = 659EBEB523785916005F15C6 /* Build configuration list for PBXNativeTarget "EventsUITests" */;
			buildPhases = (
				659EBEA223785916005F15C6 /* Sources */,
				659EBEA323785916005F15C6 /* Frameworks */,
				659EBEA423785916005F15C6 /* Resources */,
			);
			buildRules = (
			);
			dependencies = (
				659EBEA823785916005F15C6 /* PBXTargetDependency */,
			);
			name = EventsUITests;
			productName = EventsUITests;
			productReference = 659EBEA623785916005F15C6 /* EventsUITests.xctest */;
			productType = "com.apple.product-type.bundle.ui-testing";
		};
/* End PBXNativeTarget section */

/* Begin PBXProject section */
		659EBE7D23785914005F15C6 /* Project object */ = {
			isa = PBXProject;
			attributes = {
				LastSwiftUpdateCheck = 1120;
				LastUpgradeCheck = 1120;
				ORGANIZATIONNAME = "Dylan Berry";
				TargetAttributes = {
					659EBE8423785914005F15C6 = {
						CreatedOnToolsVersion = 11.2;
					};
					659EBE9A23785916005F15C6 = {
						CreatedOnToolsVersion = 11.2;
						TestTargetID = 659EBE8423785914005F15C6;
					};
					659EBEA523785916005F15C6 = {
						CreatedOnToolsVersion = 11.2;
						TestTargetID = 659EBE8423785914005F15C6;
					};
				};
			};
			buildConfigurationList = 659EBE8023785914005F15C6 /* Build configuration list for PBXProject "Events" */;
			compatibilityVersion = "Xcode 9.3";
			developmentRegion = en;
			hasScannedForEncodings = 0;
			knownRegions = (
				en,
				Base,
			);
			mainGroup = 659EBE7C23785914005F15C6;
			productRefGroup = 659EBE8623785914005F15C6 /* Products */;
			projectDirPath = "";
			projectRoot = "";
			targets = (
				659EBE8423785914005F15C6 /* Events */,
				659EBE9A23785916005F15C6 /* EventsTests */,
				659EBEA523785916005F15C6 /* EventsUITests */,
			);
		};
/* End PBXProject section */

/* Begin PBXResourcesBuildPhase section */
		659EBE8323785914005F15C6 /* Resources */ = {
			isa = PBXResourcesBuildPhase;
			buildActionMask = 2147483647;
			files = (
				659EBE9523785916005F15C6 /* LaunchScreen.storyboard in Resources */,
				659EBE9223785916005F15C6 /* Preview Assets.xcassets in Resources */,
				659EBE8F23785916005F15C6 /* Assets.xcassets in Resources */,
			);
			runOnlyForDeploymentPostprocessing = 0;
		};
		659EBE9923785916005F15C6 /* Resources */ = {
			isa = PBXResourcesBuildPhase;
			buildActionMask = 2147483647;
			files = (
			);
			runOnlyForDeploymentPostprocessing = 0;
		};
		659EBEA423785916005F15C6 /* Resources */ = {
			isa = PBXResourcesBuildPhase;
			buildActionMask = 2147483647;
			files = (
			);
			runOnlyForDeploymentPostprocessing = 0;
		};
/* End PBXResourcesBuildPhase section */

/* Begin PBXSourcesBuildPhase section */
		659EBE8123785914005F15C6 /* Sources */ = {
			isa = PBXSourcesBuildPhase;
			buildActionMask = 2147483647;
			files = (
				659EBE8923785914005F15C6 /* AppDelegate.swift in Sources */,
				659EBE8B23785914005F15C6 /* SceneDelegate.swift in Sources */,
				659EBE8D23785914005F15C6 /* ContentView.swift in Sources */,
			);
			runOnlyForDeploymentPostprocessing = 0;
		};
		659EBE9723785916005F15C6 /* Sources */ = {
			isa = PBXSourcesBuildPhase;
			buildActionMask = 2147483647;
			files = (
				659EBEA023785916005F15C6 /* EventsTests.swift in Sources */,
			);
			runOnlyForDeploymentPostprocessing = 0;
		};
		659EBEA223785916005F15C6 /* Sources */ = {
			isa = PBXSourcesBuildPhase;
			buildActionMask = 2147483647;
			files = (
				659EBEAB23785916005F15C6 /* EventsUITests.swift in Sources */,
			);
			runOnlyForDeploymentPostprocessing = 0;
		};
/* End PBXSourcesBuildPhase section */

/* Begin PBXTargetDependency section */
		659EBE9D23785916005F15C6 /* PBXTargetDependency */ = {
			isa = PBXTargetDependency;
			target = 659EBE8423785914005F15C6 /* Events */;
			targetProxy = 659EBE9C23785916005F15C6 /* PBXContainerItemProxy */;
		};
		659EBEA823785916005F15C6 /* PBXTargetDependency */ = {
			isa = PBXTargetDependency;
			target = 659EBE8423785914005F15C6 /* Events */;
			targetProxy = 659EBEA723785916005F15C6 /* PBXContainerItemProxy */;
		};
/* End PBXTargetDependency section */

/* Begin PBXVariantGroup section */
		659EBE9323785916005F15C6 /* LaunchScreen.storyboard */ = {
			isa = PBXVariantGroup;
			children = (
				659EBE9423785916005F15C6 /* Base */,
			);
			name = LaunchScreen.storyboard;
			sourceTree = "<group>";
		};
/* End PBXVariantGroup section */

/* Begin XCBuildConfiguration section */
		659EBEAD23785916005F15C6 /* Debug */ = {
			isa = XCBuildConfiguration;
			buildSettings = {
				ALWAYS_SEARCH_USER_PATHS = NO;
				CLANG_ANALYZER_NONNULL = YES;
				CLANG_ANALYZER_NUMBER_OBJECT_CONVERSION = YES_AGGRESSIVE;
				CLANG_CXX_LANGUAGE_STANDARD = "gnu++14";
				CLANG_CXX_LIBRARY = "libc++";
				CLANG_ENABLE_MODULES = YES;
				CLANG_ENABLE_OBJC_ARC = YES;
				CLANG_ENABLE_OBJC_WEAK = YES;
				CLANG_WARN_BLOCK_CAPTURE_AUTORELEASING = YES;
				CLANG_WARN_BOOL_CONVERSION = YES;
				CLANG_WARN_COMMA = YES;
				CLANG_WARN_CONSTANT_CONVERSION = YES;
				CLANG_WARN_DEPRECATED_OBJC_IMPLEMENTATIONS = YES;
				CLANG_WARN_DIRECT_OBJC_ISA_USAGE = YES_ERROR;
				CLANG_WARN_DOCUMENTATION_COMMENTS = YES;
				CLANG_WARN_EMPTY_BODY = YES;
				CLANG_WARN_ENUM_CONVERSION = YES;
				CLANG_WARN_INFINITE_RECURSION = YES;
				CLANG_WARN_INT_CONVERSION = YES;
				CLANG_WARN_NON_LITERAL_NULL_CONVERSION = YES;
				CLANG_WARN_OBJC_IMPLICIT_RETAIN_SELF = YES;
				CLANG_WARN_OBJC_LITERAL_CONVERSION = YES;
				CLANG_WARN_OBJC_ROOT_CLASS = YES_ERROR;
				CLANG_WARN_RANGE_LOOP_ANALYSIS = YES;
				CLANG_WARN_STRICT_PROTOTYPES = YES;
				CLANG_WARN_SUSPICIOUS_MOVE = YES;
				CLANG_WARN_UNGUARDED_AVAILABILITY = YES_AGGRESSIVE;
				CLANG_WARN_UNREACHABLE_CODE = YES;
				CLANG_WARN__DUPLICATE_METHOD_MATCH = YES;
				COPY_PHASE_STRIP = NO;
				DEBUG_INFORMATION_FORMAT = dwarf;
				ENABLE_STRICT_OBJC_MSGSEND = YES;
				ENABLE_TESTABILITY = YES;
				GCC_C_LANGUAGE_STANDARD = gnu11;
				GCC_DYNAMIC_NO_PIC = NO;
				GCC_NO_COMMON_BLOCKS = YES;
				GCC_OPTIMIZATION_LEVEL = 0;
				GCC_PREPROCESSOR_DEFINITIONS = (
					"DEBUG=1",
					"$(inherited)",
				);
				GCC_WARN_64_TO_32_BIT_CONVERSION = YES;
				GCC_WARN_ABOUT_RETURN_TYPE = YES_ERROR;
				GCC_WARN_UNDECLARED_SELECTOR = YES;
				GCC_WARN_UNINITIALIZED_AUTOS = YES_AGGRESSIVE;
				GCC_WARN_UNUSED_FUNCTION = YES;
				GCC_WARN_UNUSED_VARIABLE = YES;
				IPHONEOS_DEPLOYMENT_TARGET = 13.2;
				MTL_ENABLE_DEBUG_INFO = INCLUDE_SOURCE;
				MTL_FAST_MATH = YES;
				ONLY_ACTIVE_ARCH = YES;
				SDKROOT = iphoneos;
				SWIFT_ACTIVE_COMPILATION_CONDITIONS = DEBUG;
				SWIFT_OPTIMIZATION_LEVEL = "-Onone";
			};
			name = Debug;
		};
		659EBEAE23785916005F15C6 /* Release */ = {
			isa = XCBuildConfiguration;
			buildSettings = {
				ALWAYS_SEARCH_USER_PATHS = NO;
				CLANG_ANALYZER_NONNULL = YES;
				CLANG_ANALYZER_NUMBER_OBJECT_CONVERSION = YES_AGGRESSIVE;
				CLANG_CXX_LANGUAGE_STANDARD = "gnu++14";
				CLANG_CXX_LIBRARY = "libc++";
				CLANG_ENABLE_MODULES = YES;
				CLANG_ENABLE_OBJC_ARC = YES;
				CLANG_ENABLE_OBJC_WEAK = YES;
				CLANG_WARN_BLOCK_CAPTURE_AUTORELEASING = YES;
				CLANG_WARN_BOOL_CONVERSION = YES;
				CLANG_WARN_COMMA = YES;
				CLANG_WARN_CONSTANT_CONVERSION = YES;
				CLANG_WARN_DEPRECATED_OBJC_IMPLEMENTATIONS = YES;
				CLANG_WARN_DIRECT_OBJC_ISA_USAGE = YES_ERROR;
				CLANG_WARN_DOCUMENTATION_COMMENTS = YES;
				CLANG_WARN_EMPTY_BODY = YES;
				CLANG_WARN_ENUM_CONVERSION = YES;
				CLANG_WARN_INFINITE_RECURSION = YES;
				CLANG_WARN_INT_CONVERSION = YES;
				CLANG_WARN_NON_LITERAL_NULL_CONVERSION = YES;
				CLANG_WARN_OBJC_IMPLICIT_RETAIN_SELF = YES;
				CLANG_WARN_OBJC_LITERAL_CONVERSION = YES;
				CLANG_WARN_OBJC_ROOT_CLASS = YES_ERROR;
				CLANG_WARN_RANGE_LOOP_ANALYSIS = YES;
				CLANG_WARN_STRICT_PROTOTYPES = YES;
				CLANG_WARN_SUSPICIOUS_MOVE = YES;
				CLANG_WARN_UNGUARDED_AVAILABILITY = YES_AGGRESSIVE;
				CLANG_WARN_UNREACHABLE_CODE = YES;
				CLANG_WARN__DUPLICATE_METHOD_MATCH = YES;
				COPY_PHASE_STRIP = NO;
				DEBUG_INFORMATION_FORMAT = "dwarf-with-dsym";
				ENABLE_NS_ASSERTIONS = NO;
				ENABLE_STRICT_OBJC_MSGSEND = YES;
				GCC_C_LANGUAGE_STANDARD = gnu11;
				GCC_NO_COMMON_BLOCKS = YES;
				GCC_WARN_64_TO_32_BIT_CONVERSION = YES;
				GCC_WARN_ABOUT_RETURN_TYPE = YES_ERROR;
				GCC_WARN_UNDECLARED_SELECTOR = YES;
				GCC_WARN_UNINITIALIZED_AUTOS = YES_AGGRESSIVE;
				GCC_WARN_UNUSED_FUNCTION = YES;
				GCC_WARN_UNUSED_VARIABLE = YES;
				IPHONEOS_DEPLOYMENT_TARGET = 13.2;
				MTL_ENABLE_DEBUG_INFO = NO;
				MTL_FAST_MATH = YES;
				SDKROOT = iphoneos;
				SWIFT_COMPILATION_MODE = wholemodule;
				SWIFT_OPTIMIZATION_LEVEL = "-O";
				VALIDATE_PRODUCT = YES;
			};
			name = Release;
		};
		659EBEB023785916005F15C6 /* Debug */ = {
			isa = XCBuildConfiguration;
			buildSettings = {
				ASSETCATALOG_COMPILER_APPICON_NAME = AppIcon;
				CODE_SIGN_STYLE = Automatic;
				DEVELOPMENT_ASSET_PATHS = "\"Events/Preview Content\"";
				DEVELOPMENT_TEAM = F9PHG2H632;
				ENABLE_PREVIEWS = YES;
				INFOPLIST_FILE = Events/Info.plist;
				LD_RUNPATH_SEARCH_PATHS = (
					"$(inherited)",
					"@executable_path/Frameworks",
				);
				PRODUCT_BUNDLE_IDENTIFIER = com.objectsharp.Events;
				PRODUCT_NAME = "$(TARGET_NAME)";
				SWIFT_VERSION = 5.0;
				TARGETED_DEVICE_FAMILY = "1,2";
			};
			name = Debug;
		};
		659EBEB123785916005F15C6 /* Release */ = {
			isa = XCBuildConfiguration;
			buildSettings = {
				ASSETCATALOG_COMPILER_APPICON_NAME = AppIcon;
				CODE_SIGN_STYLE = Automatic;
				DEVELOPMENT_ASSET_PATHS = "\"Events/Preview Content\"";
				DEVELOPMENT_TEAM = F9PHG2H632;
				ENABLE_PREVIEWS = YES;
				INFOPLIST_FILE = Events/Info.plist;
				LD_RUNPATH_SEARCH_PATHS = (
					"$(inherited)",
					"@executable_path/Frameworks",
				);
				PRODUCT_BUNDLE_IDENTIFIER = com.objectsharp.Events;
				PRODUCT_NAME = "$(TARGET_NAME)";
				SWIFT_VERSION = 5.0;
				TARGETED_DEVICE_FAMILY = "1,2";
			};
			name = Release;
		};
		659EBEB323785916005F15C6 /* Debug */ = {
			isa = XCBuildConfiguration;
			buildSettings = {
				ALWAYS_EMBED_SWIFT_STANDARD_LIBRARIES = YES;
				BUNDLE_LOADER = "$(TEST_HOST)";
				CODE_SIGN_STYLE = Automatic;
				DEVELOPMENT_TEAM = F9PHG2H632;
				INFOPLIST_FILE = EventsTests/Info.plist;
				IPHONEOS_DEPLOYMENT_TARGET = 13.2;
				LD_RUNPATH_SEARCH_PATHS = (
					"$(inherited)",
					"@executable_path/Frameworks",
					"@loader_path/Frameworks",
				);
				PRODUCT_BUNDLE_IDENTIFIER = com.objectsharp.EventsTests;
				PRODUCT_NAME = "$(TARGET_NAME)";
				SWIFT_VERSION = 5.0;
				TARGETED_DEVICE_FAMILY = "1,2";
				TEST_HOST = "$(BUILT_PRODUCTS_DIR)/Events.app/Events";
			};
			name = Debug;
		};
		659EBEB423785916005F15C6 /* Release */ = {
			isa = XCBuildConfiguration;
			buildSettings = {
				ALWAYS_EMBED_SWIFT_STANDARD_LIBRARIES = YES;
				BUNDLE_LOADER = "$(TEST_HOST)";
				CODE_SIGN_STYLE = Automatic;
				DEVELOPMENT_TEAM = F9PHG2H632;
				INFOPLIST_FILE = EventsTests/Info.plist;
				IPHONEOS_DEPLOYMENT_TARGET = 13.2;
				LD_RUNPATH_SEARCH_PATHS = (
					"$(inherited)",
					"@executable_path/Frameworks",
					"@loader_path/Frameworks",
				);
				PRODUCT_BUNDLE_IDENTIFIER = com.objectsharp.EventsTests;
				PRODUCT_NAME = "$(TARGET_NAME)";
				SWIFT_VERSION = 5.0;
				TARGETED_DEVICE_FAMILY = "1,2";
				TEST_HOST = "$(BUILT_PRODUCTS_DIR)/Events.app/Events";
			};
			name = Release;
		};
		659EBEB623785916005F15C6 /* Debug */ = {
			isa = XCBuildConfiguration;
			buildSettings = {
				ALWAYS_EMBED_SWIFT_STANDARD_LIBRARIES = YES;
				CODE_SIGN_STYLE = Automatic;
				DEVELOPMENT_TEAM = F9PHG2H632;
				INFOPLIST_FILE = EventsUITests/Info.plist;
				LD_RUNPATH_SEARCH_PATHS = (
					"$(inherited)",
					"@executable_path/Frameworks",
					"@loader_path/Frameworks",
				);
				PRODUCT_BUNDLE_IDENTIFIER = com.objectsharp.EventsUITests;
				PRODUCT_NAME = "$(TARGET_NAME)";
				SWIFT_VERSION = 5.0;
				TARGETED_DEVICE_FAMILY = "1,2";
				TEST_TARGET_NAME = Events;
			};
			name = Debug;
		};
		659EBEB723785916005F15C6 /* Release */ = {
			isa = XCBuildConfiguration;
			buildSettings = {
				ALWAYS_EMBED_SWIFT_STANDARD_LIBRARIES = YES;
				CODE_SIGN_STYLE = Automatic;
				DEVELOPMENT_TEAM = F9PHG2H632;
				INFOPLIST_FILE = EventsUITests/Info.plist;
				LD_RUNPATH_SEARCH_PATHS = (
					"$(inherited)",
					"@executable_path/Frameworks",
					"@loader_path/Frameworks",
				);
				PRODUCT_BUNDLE_IDENTIFIER = com.objectsharp.EventsUITests;
				PRODUCT_NAME = "$(TARGET_NAME)";
				SWIFT_VERSION = 5.0;
				TARGETED_DEVICE_FAMILY = "1,2";
				TEST_TARGET_NAME = Events;
			};
			name = Release;
		};
/* End XCBuildConfiguration section */

/* Begin XCConfigurationList section */
		659EBE8023785914005F15C6 /* Build configuration list for PBXProject "Events" */ = {
			isa = XCConfigurationList;
			buildConfigurations = (
				659EBEAD23785916005F15C6 /* Debug */,
				659EBEAE23785916005F15C6 /* Release */,
			);
			defaultConfigurationIsVisible = 0;
			defaultConfigurationName = Release;
		};
		659EBEAF23785916005F15C6 /* Build configuration list for PBXNativeTarget "Events" */ = {
			isa = XCConfigurationList;
			buildConfigurations = (
				659EBEB023785916005F15C6 /* Debug */,
				659EBEB123785916005F15C6 /* Release */,
			);
			defaultConfigurationIsVisible = 0;
			defaultConfigurationName = Release;
		};
		659EBEB223785916005F15C6 /* Build configuration list for PBXNativeTarget "EventsTests" */ = {
			isa = XCConfigurationList;
			buildConfigurations = (
				659EBEB323785916005F15C6 /* Debug */,
				659EBEB423785916005F15C6 /* Release */,
			);
			defaultConfigurationIsVisible = 0;
			defaultConfigurationName = Release;
		};
		659EBEB523785916005F15C6 /* Build configuration list for PBXNativeTarget "EventsUITests" */ = {
			isa = XCConfigurationList;
			buildConfigurations = (
				659EBEB623785916005F15C6 /* Debug */,
				659EBEB723785916005F15C6 /* Release */,
			);
			defaultConfigurationIsVisible = 0;
			defaultConfigurationName = Release;
		};
/* End XCConfigurationList section */
	};
	rootObject = 659EBE7D23785914005F15C6 /* Project object */;
}
